
Microsoft Visual Studio Solution File, Format Version 12.00
# Visual Studio Version 16
VisualStudioVersion = 16.0.31321.278
MinimumVisualStudioVersion = 10.0.40219.1
Project("{FAE04EC0-301F-11D3-BF4B-00C04F79EFBC}") = "CustomDisign", "CustomDisign.csproj", "{B9D09087-2E48-4A3D-8A39-EA4C2B4984C1}"
EndProject
Global
	GlobalSection(SolutionConfigurationPlatforms) = preSolution
		Debug|Any CPU = Debug|Any CPU
		Release|Any CPU = Release|Any CPU
	EndGlobalSection
	GlobalSection(ProjectConfigurationPlatforms) = postSolution
		{B9D09087-2E48-4A3D-8A39-EA4C2B4984C1}.Debug|Any CPU.ActiveCfg = Debug|Any CPU
		{B9D09087-2E48-4A3D-8A39-EA4C2B4984C1}.Debug|Any CPU.Build.0 = Debug|Any CPU
		{B9D09087-2E48-4A3D-8A39-EA4C2B4984C1}.Release|Any CPU.ActiveCfg = Release|Any CPU
		{B9D09087-2E48-4A3D-8A39-EA4C2B4984C1}.Release|Any CPU.Build.0 = Release|Any CPU
	EndGlobalSection
	GlobalSection(SolutionProperties) = preSolution
		HideSolutionNode = FALSE
	EndGlobalSection
	GlobalSection(ExtensibilityGlobals) = postSolution
		SolutionGuid = {0A670739-6E2D-4521-8D10-2F0A8AC39432}
	EndGlobalSection
EndGlobal
